
Microsoft Visual Studio Solution File, Format Version 12.00
# Visual Studio 2012
Project("{FAE04EC0-301F-11D3-BF4B-00C04F79EFBC}") = "YoutubeGrabber", "YoutubeGrabber\YoutubeGrabber.csproj", "{F2DD4F7B-838B-4695-B0DC-71646E80FA77}"
EndProject
Project("{FAE04EC0-301F-11D3-BF4B-00C04F79EFBC}") = "DatabaseCreator", "DatabaseCreator\DatabaseCreator.csproj", "{A1FDFC6F-AD4B-418C-A0DD-D90F46F8F1C3}"
EndProject
Project("{FAE04EC0-301F-11D3-BF4B-00C04F79EFBC}") = "Common", "Common\Common.csproj", "{6DD06209-B518-434C-91F9-F4FB182D0784}"
EndProject
Global
	GlobalSection(SolutionConfigurationPlatforms) = preSolution
		Debug|Any CPU = Debug|Any CPU
		Release|Any CPU = Release|Any CPU
	EndGlobalSection
	GlobalSection(ProjectConfigurationPlatforms) = postSolution
		{F2DD4F7B-838B-4695-B0DC-71646E80FA77}.Debug|Any CPU.ActiveCfg = Debug|Any CPU
		{F2DD4F7B-838B-4695-B0DC-71646E80FA77}.Debug|Any CPU.Build.0 = Debug|Any CPU
		{F2DD4F7B-838B-4695-B0DC-71646E80FA77}.Release|Any CPU.ActiveCfg = Release|Any CPU
		{F2DD4F7B-838B-4695-B0DC-71646E80FA77}.Release|Any CPU.Build.0 = Release|Any CPU
		{A1FDFC6F-AD4B-418C-A0DD-D90F46F8F1C3}.Debug|Any CPU.ActiveCfg = Debug|Any CPU
		{A1FDFC6F-AD4B-418C-A0DD-D90F46F8F1C3}.Debug|Any CPU.Build.0 = Debug|Any CPU
		{A1FDFC6F-AD4B-418C-A0DD-D90F46F8F1C3}.Release|Any CPU.ActiveCfg = Release|Any CPU
		{A1FDFC6F-AD4B-418C-A0DD-D90F46F8F1C3}.Release|Any CPU.Build.0 = Release|Any CPU
		{6DD06209-B518-434C-91F9-F4FB182D0784}.Debug|Any CPU.ActiveCfg = Debug|Any CPU
		{6DD06209-B518-434C-91F9-F4FB182D0784}.Debug|Any CPU.Build.0 = Debug|Any CPU
		{6DD06209-B518-434C-91F9-F4FB182D0784}.Release|Any CPU.ActiveCfg = Release|Any CPU
		{6DD06209-B518-434C-91F9-F4FB182D0784}.Release|Any CPU.Build.0 = Release|Any CPU
	EndGlobalSection
	GlobalSection(SolutionProperties) = preSolution
		HideSolutionNode = FALSE
	EndGlobalSection
EndGlobal
